// !$*UTF8*$!
{
	archiveVersion = 1;
	classes = {
	};
	objectVersion = 50;
	objects = {

/* Begin PBXBuildFile section */
		915FD6612500E8F3003651B2 /* AppDelegate.swift in Sources */ = {isa = PBXBuildFile; fileRef = 915FD6602500E8F3003651B2 /* AppDelegate.swift */; };
		915FD6632500E8F3003651B2 /* SceneDelegate.swift in Sources */ = {isa = PBXBuildFile; fileRef = 915FD6622500E8F3003651B2 /* SceneDelegate.swift */; };
		915FD6652500E8F3003651B2 /* ViewController.swift in Sources */ = {isa = PBXBuildFile; fileRef = 915FD6642500E8F3003651B2 /* ViewController.swift */; };
		915FD6682500E8F3003651B2 /* Main.storyboard in Resources */ = {isa = PBXBuildFile; fileRef = 915FD6662500E8F3003651B2 /* Main.storyboard */; };
		915FD66A2500E8FB003651B2 /* Assets.xcassets in Resources */ = {isa = PBXBuildFile; fileRef = 915FD6692500E8FB003651B2 /* Assets.xcassets */; };
		915FD66D2500E8FB003651B2 /* LaunchScreen.storyboard in Resources */ = {isa = PBXBuildFile; fileRef = 915FD66B2500E8FB003651B2 /* LaunchScreen.storyboard */; };
		915FD6782500E8FB003651B2 /* QuizTests.swift in Sources */ = {isa = PBXBuildFile; fileRef = 915FD6772500E8FB003651B2 /* QuizTests.swift */; };
		915FD6832500E8FB003651B2 /* QuizUITests.swift in Sources */ = {isa = PBXBuildFile; fileRef = 915FD6822500E8FB003651B2 /* QuizUITests.swift */; };
		915FD6912500E956003651B2 /* QuizViewController.swift in Sources */ = {isa = PBXBuildFile; fileRef = 915FD6902500E956003651B2 /* QuizViewController.swift */; };
		915FD6932500E977003651B2 /* ResultViewController.swift in Sources */ = {isa = PBXBuildFile; fileRef = 915FD6922500E977003651B2 /* ResultViewController.swift */; };
/* End PBXBuildFile section */

/* Begin PBXContainerItemProxy section */
		915FD6742500E8FB003651B2 /* PBXContainerItemProxy */ = {
			isa = PBXContainerItemProxy;
			containerPortal = 915FD6552500E8F3003651B2 /* Project object */;
			proxyType = 1;
			remoteGlobalIDString = 915FD65C2500E8F3003651B2;
			remoteInfo = Quiz;
		};
		915FD67F2500E8FB003651B2 /* PBXContainerItemProxy */ = {
			isa = PBXContainerItemProxy;
			containerPortal = 915FD6552500E8F3003651B2 /* Project object */;
			proxyType = 1;
			remoteGlobalIDString = 915FD65C2500E8F3003651B2;
			remoteInfo = Quiz;
		};
/* End PBXContainerItemProxy section */

/* Begin PBXFileReference section */
		915FD65D2500E8F3003651B2 /* Quiz.app */ = {isa = PBXFileReference; explicitFileType = wrapper.application; includeInIndex = 0; path = Quiz.app; sourceTree = BUILT_PRODUCTS_DIR; };
		915FD6602500E8F3003651B2 /* AppDelegate.swift */ = {isa = PBXFileReference; lastKnownFileType = sourcecode.swift; path = AppDelegate.swift; sourceTree = "<group>"; };
		915FD6622500E8F3003651B2 /* SceneDelegate.swift */ = {isa = PBXFileReference; lastKnownFileType = sourcecode.swift; path = SceneDelegate.swift; sourceTree = "<group>"; };
		915FD6642500E8F3003651B2 /* ViewController.swift */ = {isa = PBXFileReference; lastKnownFileType = sourcecode.swift; path = ViewController.swift; sourceTree = "<group>"; };
		915FD6672500E8F3003651B2 /* Base */ = {isa = PBXFileReference; lastKnownFileType = file.storyboard; name = Base; path = Base.lproj/Main.storyboard; sourceTree = "<group>"; };
		915FD6692500E8FB003651B2 /* Assets.xcassets */ = {isa = PBXFileReference; lastKnownFileType = folder.assetcatalog; path = Assets.xcassets; sourceTree = "<group>"; };
		915FD66C2500E8FB003651B2 /* Base */ = {isa = PBXFileReference; lastKnownFileType = file.storyboard; name = Base; path = Base.lproj/LaunchScreen.storyboard; sourceTree = "<group>"; };
		915FD66E2500E8FB003651B2 /* Info.plist */ = {isa = PBXFileReference; lastKnownFileType = text.plist.xml; path = Info.plist; sourceTree = "<group>"; };
		915FD6732500E8FB003651B2 /* QuizTests.xctest */ = {isa = PBXFileReference; explicitFileType = wrapper.cfbundle; includeInIndex = 0; path = QuizTests.xctest; sourceTree = BUILT_PRODUCTS_DIR; };
		915FD6772500E8FB003651B2 /* QuizTests.swift */ = {isa = PBXFileReference; lastKnownFileType = sourcecode.swift; path = QuizTests.swift; sourceTree = "<group>"; };
		915FD6792500E8FB003651B2 /* Info.plist */ = {isa = PBXFileReference; lastKnownFileType = text.plist.xml; path = Info.plist; sourceTree = "<group>"; };
		915FD67E2500E8FB003651B2 /* QuizUITests.xctest */ = {isa = PBXFileReference; explicitFileType = wrapper.cfbundle; includeInIndex = 0; path = QuizUITests.xctest; sourceTree = BUILT_PRODUCTS_DIR; };
		915FD6822500E8FB003651B2 /* QuizUITests.swift */ = {isa = PBXFileReference; lastKnownFileType = sourcecode.swift; path = QuizUITests.swift; sourceTree = "<group>"; };
		915FD6842500E8FB003651B2 /* Info.plist */ = {isa = PBXFileReference; lastKnownFileType = text.plist.xml; path = Info.plist; sourceTree = "<group>"; };
		915FD6902500E956003651B2 /* QuizViewController.swift */ = {isa = PBXFileReference; lastKnownFileType = sourcecode.swift; path = QuizViewController.swift; sourceTree = "<group>"; };
		915FD6922500E977003651B2 /* ResultViewController.swift */ = {isa = PBXFileReference; lastKnownFileType = sourcecode.swift; path = ResultViewController.swift; sourceTree = "<group>"; };
/* End PBXFileReference section */

/* Begin PBXFrameworksBuildPhase section */
		915FD65A2500E8F3003651B2 /* Frameworks */ = {
			isa = PBXFrameworksBuildPhase;
			buildActionMask = 2147483647;
			files = (
			);
			runOnlyForDeploymentPostprocessing = 0;
		};
		915FD6702500E8FB003651B2 /* Frameworks */ = {
			isa = PBXFrameworksBuildPhase;
			buildActionMask = 2147483647;
			files = (
			);
			runOnlyForDeploymentPostprocessing = 0;
		};
		915FD67B2500E8FB003651B2 /* Frameworks */ = {
			isa = PBXFrameworksBuildPhase;
			buildActionMask = 2147483647;
			files = (
			);
			runOnlyForDeploymentPostprocessing = 0;
		};
/* End PBXFrameworksBuildPhase section */

/* Begin PBXGroup section */
		915FD6542500E8F3003651B2 = {
			isa = PBXGroup;
			children = (
				915FD65F2500E8F3003651B2 /* Quiz */,
				915FD6762500E8FB003651B2 /* QuizTests */,
				915FD6812500E8FB003651B2 /* QuizUITests */,
				915FD65E2500E8F3003651B2 /* Products */,
			);
			sourceTree = "<group>";
		};
		915FD65E2500E8F3003651B2 /* Products */ = {
			isa = PBXGroup;
			children = (
				915FD65D2500E8F3003651B2 /* Quiz.app */,
				915FD6732500E8FB003651B2 /* QuizTests.xctest */,
				915FD67E2500E8FB003651B2 /* QuizUITests.xctest */,
			);
			name = Products;
			sourceTree = "<group>";
		};
		915FD65F2500E8F3003651B2 /* Quiz */ = {
			isa = PBXGroup;
			children = (
				915FD6602500E8F3003651B2 /* AppDelegate.swift */,
				915FD6622500E8F3003651B2 /* SceneDelegate.swift */,
				915FD6642500E8F3003651B2 /* ViewController.swift */,
				915FD6902500E956003651B2 /* QuizViewController.swift */,
				915FD6922500E977003651B2 /* ResultViewController.swift */,
				915FD6662500E8F3003651B2 /* Main.storyboard */,
				915FD6692500E8FB003651B2 /* Assets.xcassets */,
				915FD66B2500E8FB003651B2 /* LaunchScreen.storyboard */,
				915FD66E2500E8FB003651B2 /* Info.plist */,
			);
			path = Quiz;
			sourceTree = "<group>";
		};
		915FD6762500E8FB003651B2 /* QuizTests */ = {
			isa = PBXGroup;
			children = (
				915FD6772500E8FB003651B2 /* QuizTests.swift */,
				915FD6792500E8FB003651B2 /* Info.plist */,
			);
			path = QuizTests;
			sourceTree = "<group>";
		};
		915FD6812500E8FB003651B2 /* QuizUITests */ = {
			isa = PBXGroup;
			children = (
				915FD6822500E8FB003651B2 /* QuizUITests.swift */,
				915FD6842500E8FB003651B2 /* Info.plist */,
			);
			path = QuizUITests;
			sourceTree = "<group>";
		};
/* End PBXGroup section */

/* Begin PBXNativeTarget section */
		915FD65C2500E8F3003651B2 /* Quiz */ = {
			isa = PBXNativeTarget;
			buildConfigurationList = 915FD6872500E8FB003651B2 /* Build configuration list for PBXNativeTarget "Quiz" */;
			buildPhases = (
				915FD6592500E8F3003651B2 /* Sources */,
				915FD65A2500E8F3003651B2 /* Frameworks */,
				915FD65B2500E8F3003651B2 /* Resources */,
			);
			buildRules = (
			);
			dependencies = (
			);
			name = Quiz;
			productName = Quiz;
			productReference = 915FD65D2500E8F3003651B2 /* Quiz.app */;
			productType = "com.apple.product-type.application";
		};
		915FD6722500E8FB003651B2 /* QuizTests */ = {
			isa = PBXNativeTarget;
			buildConfigurationList = 915FD68A2500E8FB003651B2 /* Build configuration list for PBXNativeTarget "QuizTests" */;
			buildPhases = (
				915FD66F2500E8FB003651B2 /* Sources */,
				915FD6702500E8FB003651B2 /* Frameworks */,
				915FD6712500E8FB003651B2 /* Resources */,
			);
			buildRules = (
			);
			dependencies = (
				915FD6752500E8FB003651B2 /* PBXTargetDependency */,
			);
			name = QuizTests;
			productName = QuizTests;
			productReference = 915FD6732500E8FB003651B2 /* QuizTests.xctest */;
			productType = "com.apple.product-type.bundle.unit-test";
		};
		915FD67D2500E8FB003651B2 /* QuizUITests */ = {
			isa = PBXNativeTarget;
			buildConfigurationList = 915FD68D2500E8FB003651B2 /* Build configuration list for PBXNativeTarget "QuizUITests" */;
			buildPhases = (
				915FD67A2500E8FB003651B2 /* Sources */,
				915FD67B2500E8FB003651B2 /* Frameworks */,
				915FD67C2500E8FB003651B2 /* Resources */,
			);
			buildRules = (
			);
			dependencies = (
				915FD6802500E8FB003651B2 /* PBXTargetDependency */,
			);
			name = QuizUITests;
			productName = QuizUITests;
			productReference = 915FD67E2500E8FB003651B2 /* QuizUITests.xctest */;
			productType = "com.apple.product-type.bundle.ui-testing";
		};
/* End PBXNativeTarget section */

/* Begin PBXProject section */
		915FD6552500E8F3003651B2 /* Project object */ = {
			isa = PBXProject;
			attributes = {
				LastSwiftUpdateCheck = 1160;
				LastUpgradeCheck = 1160;
				ORGANIZATIONNAME = "Hiraoka Hikka";
				TargetAttributes = {
					915FD65C2500E8F3003651B2 = {
						CreatedOnToolsVersion = 11.6;
					};
					915FD6722500E8FB003651B2 = {
						CreatedOnToolsVersion = 11.6;
						TestTargetID = 915FD65C2500E8F3003651B2;
					};
					915FD67D2500E8FB003651B2 = {
						CreatedOnToolsVersion = 11.6;
						TestTargetID = 915FD65C2500E8F3003651B2;
					};
				};
			};
			buildConfigurationList = 915FD6582500E8F3003651B2 /* Build configuration list for PBXProject "Quiz" */;
			compatibilityVersion = "Xcode 9.3";
			developmentRegion = en;
			hasScannedForEncodings = 0;
			knownRegions = (
				en,
				Base,
			);
			mainGroup = 915FD6542500E8F3003651B2;
			productRefGroup = 915FD65E2500E8F3003651B2 /* Products */;
			projectDirPath = "";
			projectRoot = "";
			targets = (
				915FD65C2500E8F3003651B2 /* Quiz */,
				915FD6722500E8FB003651B2 /* QuizTests */,
				915FD67D2500E8FB003651B2 /* QuizUITests */,
			);
		};
/* End PBXProject section */

/* Begin PBXResourcesBuildPhase section */
		915FD65B2500E8F3003651B2 /* Resources */ = {
			isa = PBXResourcesBuildPhase;
			buildActionMask = 2147483647;
			files = (
				915FD66D2500E8FB003651B2 /* LaunchScreen.storyboard in Resources */,
				915FD66A2500E8FB003651B2 /* Assets.xcassets in Resources */,
				915FD6682500E8F3003651B2 /* Main.storyboard in Resources */,
			);
			runOnlyForDeploymentPostprocessing = 0;
		};
		915FD6712500E8FB003651B2 /* Resources */ = {
			isa = PBXResourcesBuildPhase;
			buildActionMask = 2147483647;
			files = (
			);
			runOnlyForDeploymentPostprocessing = 0;
		};
		915FD67C2500E8FB003651B2 /* Resources */ = {
			isa = PBXResourcesBuildPhase;
			buildActionMask = 2147483647;
			files = (
			);
			runOnlyForDeploymentPostprocessing = 0;
		};
/* End PBXResourcesBuildPhase section */

/* Begin PBXSourcesBuildPhase section */
		915FD6592500E8F3003651B2 /* Sources */ = {
			isa = PBXSourcesBuildPhase;
			buildActionMask = 2147483647;
			files = (
				915FD6932500E977003651B2 /* ResultViewController.swift in Sources */,
				915FD6652500E8F3003651B2 /* ViewController.swift in Sources */,
				915FD6612500E8F3003651B2 /* AppDelegate.swift in Sources */,
				915FD6632500E8F3003651B2 /* SceneDelegate.swift in Sources */,
				915FD6912500E956003651B2 /* QuizViewController.swift in Sources */,
			);
			runOnlyForDeploymentPostprocessing = 0;
		};
		915FD66F2500E8FB003651B2 /* Sources */ = {
			isa = PBXSourcesBuildPhase;
			buildActionMask = 2147483647;
			files = (
				915FD6782500E8FB003651B2 /* QuizTests.swift in Sources */,
			);
			runOnlyForDeploymentPostprocessing = 0;
		};
		915FD67A2500E8FB003651B2 /* Sources */ = {
			isa = PBXSourcesBuildPhase;
			buildActionMask = 2147483647;
			files = (
				915FD6832500E8FB003651B2 /* QuizUITests.swift in Sources */,
			);
			runOnlyForDeploymentPostprocessing = 0;
		};
/* End PBXSourcesBuildPhase section */

/* Begin PBXTargetDependency section */
		915FD6752500E8FB003651B2 /* PBXTargetDependency */ = {
			isa = PBXTargetDependency;
			target = 915FD65C2500E8F3003651B2 /* Quiz */;
			targetProxy = 915FD6742500E8FB003651B2 /* PBXContainerItemProxy */;
		};
		915FD6802500E8FB003651B2 /* PBXTargetDependency */ = {
			isa = PBXTargetDependency;
			target = 915FD65C2500E8F3003651B2 /* Quiz */;
			targetProxy = 915FD67F2500E8FB003651B2 /* PBXContainerItemProxy */;
		};
/* End PBXTargetDependency section */

/* Begin PBXVariantGroup section */
		915FD6662500E8F3003651B2 /* Main.storyboard */ = {
			isa = PBXVariantGroup;
			children = (
				915FD6672500E8F3003651B2 /* Base */,
			);
			name = Main.storyboard;
			sourceTree = "<group>";
		};
		915FD66B2500E8FB003651B2 /* LaunchScreen.storyboard */ = {
			isa = PBXVariantGroup;
			children = (
				915FD66C2500E8FB003651B2 /* Base */,
			);
			name = LaunchScreen.storyboard;
			sourceTree = "<group>";
		};
/* End PBXVariantGroup section */

/* Begin XCBuildConfiguration section */
		915FD6852500E8FB003651B2 /* Debug */ = {
			isa = XCBuildConfiguration;
			buildSettings = {
				ALWAYS_SEARCH_USER_PATHS = NO;
				CLANG_ANALYZER_NONNULL = YES;
				CLANG_ANALYZER_NUMBER_OBJECT_CONVERSION = YES_AGGRESSIVE;
				CLANG_CXX_LANGUAGE_STANDARD = "gnu++14";
				CLANG_CXX_LIBRARY = "libc++";
				CLANG_ENABLE_MODULES = YES;
				CLANG_ENABLE_OBJC_ARC = YES;
				CLANG_ENABLE_OBJC_WEAK = YES;
				CLANG_WARN_BLOCK_CAPTURE_AUTORELEASING = YES;
				CLANG_WARN_BOOL_CONVERSION = YES;
				CLANG_WARN_COMMA = YES;
				CLANG_WARN_CONSTANT_CONVERSION = YES;
				CLANG_WARN_DEPRECATED_OBJC_IMPLEMENTATIONS = YES;
				CLANG_WARN_DIRECT_OBJC_ISA_USAGE = YES_ERROR;
				CLANG_WARN_DOCUMENTATION_COMMENTS = YES;
				CLANG_WARN_EMPTY_BODY = YES;
				CLANG_WARN_ENUM_CONVERSION = YES;
				CLANG_WARN_INFINITE_RECURSION = YES;
				CLANG_WARN_INT_CONVERSION = YES;
				CLANG_WARN_NON_LITERAL_NULL_CONVERSION = YES;
				CLANG_WARN_OBJC_IMPLICIT_RETAIN_SELF = YES;
				CLANG_WARN_OBJC_LITERAL_CONVERSION = YES;
				CLANG_WARN_OBJC_ROOT_CLASS = YES_ERROR;
				CLANG_WARN_RANGE_LOOP_ANALYSIS = YES;
				CLANG_WARN_STRICT_PROTOTYPES = YES;
				CLANG_WARN_SUSPICIOUS_MOVE = YES;
				CLANG_WARN_UNGUARDED_AVAILABILITY = YES_AGGRESSIVE;
				CLANG_WARN_UNREACHABLE_CODE = YES;
				CLANG_WARN__DUPLICATE_METHOD_MATCH = YES;
				COPY_PHASE_STRIP = NO;
				DEBUG_INFORMATION_FORMAT = dwarf;
				ENABLE_STRICT_OBJC_MSGSEND = YES;
				ENABLE_TESTABILITY = YES;
				GCC_C_LANGUAGE_STANDARD = gnu11;
				GCC_DYNAMIC_NO_PIC = NO;
				GCC_NO_COMMON_BLOCKS = YES;
				GCC_OPTIMIZATION_LEVEL = 0;
				GCC_PREPROCESSOR_DEFINITIONS = (
					"DEBUG=1",
					"$(inherited)",
				);
				GCC_WARN_64_TO_32_BIT_CONVERSION = YES;
				GCC_WARN_ABOUT_RETURN_TYPE = YES_ERROR;
				GCC_WARN_UNDECLARED_SELECTOR = YES;
				GCC_WARN_UNINITIALIZED_AUTOS = YES_AGGRESSIVE;
				GCC_WARN_UNUSED_FUNCTION = YES;
				GCC_WARN_UNUSED_VARIABLE = YES;
				IPHONEOS_DEPLOYMENT_TARGET = 13.6;
				MTL_ENABLE_DEBUG_INFO = INCLUDE_SOURCE;
				MTL_FAST_MATH = YES;
				ONLY_ACTIVE_ARCH = YES;
				SDKROOT = iphoneos;
				SWIFT_ACTIVE_COMPILATION_CONDITIONS = DEBUG;
				SWIFT_OPTIMIZATION_LEVEL = "-Onone";
			};
			name = Debug;
		};
		915FD6862500E8FB003651B2 /* Release */ = {
			isa = XCBuildConfiguration;
			buildSettings = {
				ALWAYS_SEARCH_USER_PATHS = NO;
				CLANG_ANALYZER_NONNULL = YES;
				CLANG_ANALYZER_NUMBER_OBJECT_CONVERSION = YES_AGGRESSIVE;
				CLANG_CXX_LANGUAGE_STANDARD = "gnu++14";
				CLANG_CXX_LIBRARY = "libc++";
				CLANG_ENABLE_MODULES = YES;
				CLANG_ENABLE_OBJC_ARC = YES;
				CLANG_ENABLE_OBJC_WEAK = YES;
				CLANG_WARN_BLOCK_CAPTURE_AUTORELEASING = YES;
				CLANG_WARN_BOOL_CONVERSION = YES;
				CLANG_WARN_COMMA = YES;
				CLANG_WARN_CONSTANT_CONVERSION = YES;
				CLANG_WARN_DEPRECATED_OBJC_IMPLEMENTATIONS = YES;
				CLANG_WARN_DIRECT_OBJC_ISA_USAGE = YES_ERROR;
				CLANG_WARN_DOCUMENTATION_COMMENTS = YES;
				CLANG_WARN_EMPTY_BODY = YES;
				CLANG_WARN_ENUM_CONVERSION = YES;
				CLANG_WARN_INFINITE_RECURSION = YES;
				CLANG_WARN_INT_CONVERSION = YES;
				CLANG_WARN_NON_LITERAL_NULL_CONVERSION = YES;
				CLANG_WARN_OBJC_IMPLICIT_RETAIN_SELF = YES;
				CLANG_WARN_OBJC_LITERAL_CONVERSION = YES;
				CLANG_WARN_OBJC_ROOT_CLASS = YES_ERROR;
				CLANG_WARN_RANGE_LOOP_ANALYSIS = YES;
				CLANG_WARN_STRICT_PROTOTYPES = YES;
				CLANG_WARN_SUSPICIOUS_MOVE = YES;
				CLANG_WARN_UNGUARDED_AVAILABILITY = YES_AGGRESSIVE;
				CLANG_WARN_UNREACHABLE_CODE = YES;
				CLANG_WARN__DUPLICATE_METHOD_MATCH = YES;
				COPY_PHASE_STRIP = NO;
				DEBUG_INFORMATION_FORMAT = "dwarf-with-dsym";
				ENABLE_NS_ASSERTIONS = NO;
				ENABLE_STRICT_OBJC_MSGSEND = YES;
				GCC_C_LANGUAGE_STANDARD = gnu11;
				GCC_NO_COMMON_BLOCKS = YES;
				GCC_WARN_64_TO_32_BIT_CONVERSION = YES;
				GCC_WARN_ABOUT_RETURN_TYPE = YES_ERROR;
				GCC_WARN_UNDECLARED_SELECTOR = YES;
				GCC_WARN_UNINITIALIZED_AUTOS = YES_AGGRESSIVE;
				GCC_WARN_UNUSED_FUNCTION = YES;
				GCC_WARN_UNUSED_VARIABLE = YES;
				IPHONEOS_DEPLOYMENT_TARGET = 13.6;
				MTL_ENABLE_DEBUG_INFO = NO;
				MTL_FAST_MATH = YES;
				SDKROOT = iphoneos;
				SWIFT_COMPILATION_MODE = wholemodule;
				SWIFT_OPTIMIZATION_LEVEL = "-O";
				VALIDATE_PRODUCT = YES;
			};
			name = Release;
		};
		915FD6882500E8FB003651B2 /* Debug */ = {
			isa = XCBuildConfiguration;
			buildSettings = {
				ASSETCATALOG_COMPILER_APPICON_NAME = AppIcon;
				CODE_SIGN_STYLE = Automatic;
				DEVELOPMENT_TEAM = ULW479LK6N;
				INFOPLIST_FILE = Quiz/Info.plist;
				LD_RUNPATH_SEARCH_PATHS = (
					"$(inherited)",
					"@executable_path/Frameworks",
				);
				PRODUCT_BUNDLE_IDENTIFIER = app.hiraoka.hikka.Quiz;
				PRODUCT_NAME = "$(TARGET_NAME)";
				SWIFT_VERSION = 5.0;
				TARGETED_DEVICE_FAMILY = "1,2";
			};
			name = Debug;
		};
		915FD6892500E8FB003651B2 /* Release */ = {
			isa = XCBuildConfiguration;
			buildSettings = {
				ASSETCATALOG_COMPILER_APPICON_NAME = AppIcon;
				CODE_SIGN_STYLE = Automatic;
				DEVELOPMENT_TEAM = ULW479LK6N;
				INFOPLIST_FILE = Quiz/Info.plist;
				LD_RUNPATH_SEARCH_PATHS = (
					"$(inherited)",
					"@executable_path/Frameworks",
				);
				PRODUCT_BUNDLE_IDENTIFIER = app.hiraoka.hikka.Quiz;
				PRODUCT_NAME = "$(TARGET_NAME)";
				SWIFT_VERSION = 5.0;
				TARGETED_DEVICE_FAMILY = "1,2";
			};
			name = Release;
		};
		915FD68B2500E8FB003651B2 /* Debug */ = {
			isa = XCBuildConfiguration;
			buildSettings = {
				ALWAYS_EMBED_SWIFT_STANDARD_LIBRARIES = YES;
				BUNDLE_LOADER = "$(TEST_HOST)";
				CODE_SIGN_STYLE = Automatic;
				DEVELOPMENT_TEAM = ULW479LK6N;
				INFOPLIST_FILE = QuizTests/Info.plist;
				IPHONEOS_DEPLOYMENT_TARGET = 13.6;
				LD_RUNPATH_SEARCH_PATHS = (
					"$(inherited)",
					"@executable_path/Frameworks",
					"@loader_path/Frameworks",
				);
				PRODUCT_BUNDLE_IDENTIFIER = app.hiraoka.hikka.QuizTests;
				PRODUCT_NAME = "$(TARGET_NAME)";
				SWIFT_VERSION = 5.0;
				TARGETED_DEVICE_FAMILY = "1,2";
				TEST_HOST = "$(BUILT_PRODUCTS_DIR)/Quiz.app/Quiz";
			};
			name = Debug;
		};
		915FD68C2500E8FB003651B2 /* Release */ = {
			isa = XCBuildConfiguration;
			buildSettings = {
				ALWAYS_EMBED_SWIFT_STANDARD_LIBRARIES = YES;
				BUNDLE_LOADER = "$(TEST_HOST)";
				CODE_SIGN_STYLE = Automatic;
				DEVELOPMENT_TEAM = ULW479LK6N;
				INFOPLIST_FILE = QuizTests/Info.plist;
				IPHONEOS_DEPLOYMENT_TARGET = 13.6;
				LD_RUNPATH_SEARCH_PATHS = (
					"$(inherited)",
					"@executable_path/Frameworks",
					"@loader_path/Frameworks",
				);
				PRODUCT_BUNDLE_IDENTIFIER = app.hiraoka.hikka.QuizTests;
				PRODUCT_NAME = "$(TARGET_NAME)";
				SWIFT_VERSION = 5.0;
				TARGETED_DEVICE_FAMILY = "1,2";
				TEST_HOST = "$(BUILT_PRODUCTS_DIR)/Quiz.app/Quiz";
			};
			name = Release;
		};
		915FD68E2500E8FB003651B2 /* Debug */ = {
			isa = XCBuildConfiguration;
			buildSettings = {
				ALWAYS_EMBED_SWIFT_STANDARD_LIBRARIES = YES;
				CODE_SIGN_STYLE = Automatic;
				DEVELOPMENT_TEAM = ULW479LK6N;
				INFOPLIST_FILE = QuizUITests/Info.plist;
				LD_RUNPATH_SEARCH_PATHS = (
					"$(inherited)",
					"@executable_path/Frameworks",
					"@loader_path/Frameworks",
				);
				PRODUCT_BUNDLE_IDENTIFIER = app.hiraoka.hikka.QuizUITests;
				PRODUCT_NAME = "$(TARGET_NAME)";
				SWIFT_VERSION = 5.0;
				TARGETED_DEVICE_FAMILY = "1,2";
				TEST_TARGET_NAME = Quiz;
			};
			name = Debug;
		};
		915FD68F2500E8FB003651B2 /* Release */ = {
			isa = XCBuildConfiguration;
			buildSettings = {
				ALWAYS_EMBED_SWIFT_STANDARD_LIBRARIES = YES;
				CODE_SIGN_STYLE = Automatic;
				DEVELOPMENT_TEAM = ULW479LK6N;
				INFOPLIST_FILE = QuizUITests/Info.plist;
				LD_RUNPATH_SEARCH_PATHS = (
					"$(inherited)",
					"@executable_path/Frameworks",
					"@loader_path/Frameworks",
				);
				PRODUCT_BUNDLE_IDENTIFIER = app.hiraoka.hikka.QuizUITests;
				PRODUCT_NAME = "$(TARGET_NAME)";
				SWIFT_VERSION = 5.0;
				TARGETED_DEVICE_FAMILY = "1,2";
				TEST_TARGET_NAME = Quiz;
			};
			name = Release;
		};
/* End XCBuildConfiguration section */

/* Begin XCConfigurationList section */
		915FD6582500E8F3003651B2 /* Build configuration list for PBXProject "Quiz" */ = {
			isa = XCConfigurationList;
			buildConfigurations = (
				915FD6852500E8FB003651B2 /* Debug */,
				915FD6862500E8FB003651B2 /* Release */,
			);
			defaultConfigurationIsVisible = 0;
			defaultConfigurationName = Release;
		};
		915FD6872500E8FB003651B2 /* Build configuration list for PBXNativeTarget "Quiz" */ = {
			isa = XCConfigurationList;
			buildConfigurations = (
				915FD6882500E8FB003651B2 /* Debug */,
				915FD6892500E8FB003651B2 /* Release */,
			);
			defaultConfigurationIsVisible = 0;
			defaultConfigurationName = Release;
		};
		915FD68A2500E8FB003651B2 /* Build configuration list for PBXNativeTarget "QuizTests" */ = {
			isa = XCConfigurationList;
			buildConfigurations = (
				915FD68B2500E8FB003651B2 /* Debug */,
				915FD68C2500E8FB003651B2 /* Release */,
			);
			defaultConfigurationIsVisible = 0;
			defaultConfigurationName = Release;
		};
		915FD68D2500E8FB003651B2 /* Build configuration list for PBXNativeTarget "QuizUITests" */ = {
			isa = XCConfigurationList;
			buildConfigurations = (
				915FD68E2500E8FB003651B2 /* Debug */,
				915FD68F2500E8FB003651B2 /* Release */,
			);
			defaultConfigurationIsVisible = 0;
			defaultConfigurationName = Release;
		};
/* End XCConfigurationList section */
	};
	rootObject = 915FD6552500E8F3003651B2 /* Project object */;
}
